// !$*UTF8*$!
{
	archiveVersion = 1;
	classes = {
	};
	objectVersion = 56;
	objects = {

/* Begin PBXBuildFile section */
		7709FCE22A0ED7C200AAD010 /* LoginViewController.swift in Sources */ = {isa = PBXBuildFile; fileRef = 7709FCE12A0ED7C200AAD010 /* LoginViewController.swift */; };
		7709FCE72A0EDCF400AAD010 /* UIView+PinnedSubView.swift in Sources */ = {isa = PBXBuildFile; fileRef = 7709FCE62A0EDCF400AAD010 /* UIView+PinnedSubView.swift */; };
		7709FCE92A0F1CCE00AAD010 /* CustomTableViewCell.swift in Sources */ = {isa = PBXBuildFile; fileRef = 7709FCE82A0F1CCE00AAD010 /* CustomTableViewCell.swift */; };
		7709FCED2A0F202E00AAD010 /* TodoListDoneButton.swift in Sources */ = {isa = PBXBuildFile; fileRef = 7709FCEC2A0F202E00AAD010 /* TodoListDoneButton.swift */; };
		7729D7B12A0D90BB00EDF805 /* AppDelegate.swift in Sources */ = {isa = PBXBuildFile; fileRef = 7729D7B02A0D90BB00EDF805 /* AppDelegate.swift */; };
		7729D7B32A0D90BB00EDF805 /* SceneDelegate.swift in Sources */ = {isa = PBXBuildFile; fileRef = 7729D7B22A0D90BB00EDF805 /* SceneDelegate.swift */; };
		7729D7B52A0D90BB00EDF805 /* TodoListViewController.swift in Sources */ = {isa = PBXBuildFile; fileRef = 7729D7B42A0D90BB00EDF805 /* TodoListViewController.swift */; };
		7729D7BA2A0D90BD00EDF805 /* Assets.xcassets in Resources */ = {isa = PBXBuildFile; fileRef = 7729D7B92A0D90BD00EDF805 /* Assets.xcassets */; };
		7729D7BD2A0D90BD00EDF805 /* LaunchScreen.storyboard in Resources */ = {isa = PBXBuildFile; fileRef = 7729D7BB2A0D90BD00EDF805 /* LaunchScreen.storyboard */; };
		7729D7C92A0D90EB00EDF805 /* TodoListPresenter.swift in Sources */ = {isa = PBXBuildFile; fileRef = 7729D7C82A0D90EB00EDF805 /* TodoListPresenter.swift */; };
		7729D7CB2A0D90F600EDF805 /* TodoList.swift in Sources */ = {isa = PBXBuildFile; fileRef = 7729D7CA2A0D90F600EDF805 /* TodoList.swift */; };
		7729D7CD2A0DBE5F00EDF805 /* TodoListViewRouter.swift in Sources */ = {isa = PBXBuildFile; fileRef = 7729D7CC2A0DBE5F00EDF805 /* TodoListViewRouter.swift */; };
		7729D7CF2A0DC1E800EDF805 /* Date+TodoList.swift in Sources */ = {isa = PBXBuildFile; fileRef = 7729D7CE2A0DC1E800EDF805 /* Date+TodoList.swift */; };
		77982BE52A1278DE0094D3E4 /* LoginView+Configurations.swift in Sources */ = {isa = PBXBuildFile; fileRef = 77982BE42A1278DE0094D3E4 /* LoginView+Configurations.swift */; };
/* End PBXBuildFile section */

/* Begin PBXFileReference section */
		7709FCE12A0ED7C200AAD010 /* LoginViewController.swift */ = {isa = PBXFileReference; lastKnownFileType = sourcecode.swift; path = LoginViewController.swift; sourceTree = "<group>"; };
		7709FCE62A0EDCF400AAD010 /* UIView+PinnedSubView.swift */ = {isa = PBXFileReference; lastKnownFileType = sourcecode.swift; path = "UIView+PinnedSubView.swift"; sourceTree = "<group>"; };
		7709FCE82A0F1CCE00AAD010 /* CustomTableViewCell.swift */ = {isa = PBXFileReference; lastKnownFileType = sourcecode.swift; path = CustomTableViewCell.swift; sourceTree = "<group>"; };
		7709FCEC2A0F202E00AAD010 /* TodoListDoneButton.swift */ = {isa = PBXFileReference; lastKnownFileType = sourcecode.swift; path = TodoListDoneButton.swift; sourceTree = "<group>"; };
		7729D7AD2A0D90BB00EDF805 /* TodoList-MVP-R.app */ = {isa = PBXFileReference; explicitFileType = wrapper.application; includeInIndex = 0; path = "TodoList-MVP-R.app"; sourceTree = BUILT_PRODUCTS_DIR; };
		7729D7B02A0D90BB00EDF805 /* AppDelegate.swift */ = {isa = PBXFileReference; lastKnownFileType = sourcecode.swift; path = AppDelegate.swift; sourceTree = "<group>"; };
		7729D7B22A0D90BB00EDF805 /* SceneDelegate.swift */ = {isa = PBXFileReference; lastKnownFileType = sourcecode.swift; path = SceneDelegate.swift; sourceTree = "<group>"; };
		7729D7B42A0D90BB00EDF805 /* TodoListViewController.swift */ = {isa = PBXFileReference; lastKnownFileType = sourcecode.swift; path = TodoListViewController.swift; sourceTree = "<group>"; };
		7729D7B92A0D90BD00EDF805 /* Assets.xcassets */ = {isa = PBXFileReference; lastKnownFileType = folder.assetcatalog; path = Assets.xcassets; sourceTree = "<group>"; };
		7729D7BC2A0D90BD00EDF805 /* Base */ = {isa = PBXFileReference; lastKnownFileType = file.storyboard; name = Base; path = Base.lproj/LaunchScreen.storyboard; sourceTree = "<group>"; };
		7729D7BE2A0D90BD00EDF805 /* Info.plist */ = {isa = PBXFileReference; lastKnownFileType = text.plist.xml; path = Info.plist; sourceTree = "<group>"; };
		7729D7C82A0D90EB00EDF805 /* TodoListPresenter.swift */ = {isa = PBXFileReference; lastKnownFileType = sourcecode.swift; path = TodoListPresenter.swift; sourceTree = "<group>"; };
		7729D7CA2A0D90F600EDF805 /* TodoList.swift */ = {isa = PBXFileReference; lastKnownFileType = sourcecode.swift; path = TodoList.swift; sourceTree = "<group>"; };
		7729D7CC2A0DBE5F00EDF805 /* TodoListViewRouter.swift */ = {isa = PBXFileReference; lastKnownFileType = sourcecode.swift; path = TodoListViewRouter.swift; sourceTree = "<group>"; };
		7729D7CE2A0DC1E800EDF805 /* Date+TodoList.swift */ = {isa = PBXFileReference; lastKnownFileType = sourcecode.swift; path = "Date+TodoList.swift"; sourceTree = "<group>"; };
		77982BE42A1278DE0094D3E4 /* LoginView+Configurations.swift */ = {isa = PBXFileReference; lastKnownFileType = sourcecode.swift; path = "LoginView+Configurations.swift"; sourceTree = "<group>"; };
/* End PBXFileReference section */

/* Begin PBXFrameworksBuildPhase section */
		7729D7AA2A0D90BB00EDF805 /* Frameworks */ = {
			isa = PBXFrameworksBuildPhase;
			buildActionMask = 2147483647;
			files = (
			);
			runOnlyForDeploymentPostprocessing = 0;
		};
/* End PBXFrameworksBuildPhase section */

/* Begin PBXGroup section */
		7709FCDA2A0E78F600AAD010 /* ViewCells */ = {
			isa = PBXGroup;
			children = (
				7709FCE82A0F1CCE00AAD010 /* CustomTableViewCell.swift */,
				7709FCEC2A0F202E00AAD010 /* TodoListDoneButton.swift */,
			);
			path = ViewCells;
			sourceTree = "<group>";
		};
		7709FCE32A0EDB2D00AAD010 /* ContentViews */ = {
			isa = PBXGroup;
			children = (
				7709FCE62A0EDCF400AAD010 /* UIView+PinnedSubView.swift */,
			);
			path = ContentViews;
			sourceTree = "<group>";
		};
		7709FD172A11549D00AAD010 /* LoginView */ = {
			isa = PBXGroup;
			children = (
				7709FCE12A0ED7C200AAD010 /* LoginViewController.swift */,
				77982BE42A1278DE0094D3E4 /* LoginView+Configurations.swift */,
			);
			path = LoginView;
			sourceTree = "<group>";
		};
		7709FD182A1154AA00AAD010 /* TodoListViews */ = {
			isa = PBXGroup;
			children = (
				7729D7B42A0D90BB00EDF805 /* TodoListViewController.swift */,
			);
			path = TodoListViews;
			sourceTree = "<group>";
		};
		7729D7A42A0D90BB00EDF805 = {
			isa = PBXGroup;
			children = (
				7729D7AF2A0D90BB00EDF805 /* TodoList-MVP-R */,
				7729D7AE2A0D90BB00EDF805 /* Products */,
			);
			sourceTree = "<group>";
		};
		7729D7AE2A0D90BB00EDF805 /* Products */ = {
			isa = PBXGroup;
			children = (
				7729D7AD2A0D90BB00EDF805 /* TodoList-MVP-R.app */,
			);
			name = Products;
			sourceTree = "<group>";
		};
		7729D7AF2A0D90BB00EDF805 /* TodoList-MVP-R */ = {
			isa = PBXGroup;
			children = (
				7729D7B02A0D90BB00EDF805 /* AppDelegate.swift */,
				7729D7B22A0D90BB00EDF805 /* SceneDelegate.swift */,
				7729D7C42A0D90CB00EDF805 /* Models */,
				7729D7C72A0D90DD00EDF805 /* Routers */,
				7729D7C52A0D90D000EDF805 /* Presenters */,
				7709FCE32A0EDB2D00AAD010 /* ContentViews */,
				7729D7C62A0D90D900EDF805 /* Views */,
				7709FCDA2A0E78F600AAD010 /* ViewCells */,
				7729D7B92A0D90BD00EDF805 /* Assets.xcassets */,
				7729D7BB2A0D90BD00EDF805 /* LaunchScreen.storyboard */,
				7729D7BE2A0D90BD00EDF805 /* Info.plist */,
			);
			path = "TodoList-MVP-R";
			sourceTree = "<group>";
		};
		7729D7C42A0D90CB00EDF805 /* Models */ = {
			isa = PBXGroup;
			children = (
				7729D7CA2A0D90F600EDF805 /* TodoList.swift */,
				7729D7CE2A0DC1E800EDF805 /* Date+TodoList.swift */,
			);
			path = Models;
			sourceTree = "<group>";
		};
		7729D7C52A0D90D000EDF805 /* Presenters */ = {
			isa = PBXGroup;
			children = (
				7729D7C82A0D90EB00EDF805 /* TodoListPresenter.swift */,
			);
			path = Presenters;
			sourceTree = "<group>";
		};
		7729D7C62A0D90D900EDF805 /* Views */ = {
			isa = PBXGroup;
			children = (
				7709FD182A1154AA00AAD010 /* TodoListViews */,
				7709FD172A11549D00AAD010 /* LoginView */,
			);
			path = Views;
			sourceTree = "<group>";
		};
		7729D7C72A0D90DD00EDF805 /* Routers */ = {
			isa = PBXGroup;
			children = (
				7729D7CC2A0DBE5F00EDF805 /* TodoListViewRouter.swift */,
			);
			path = Routers;
			sourceTree = "<group>";
		};
/* End PBXGroup section */

/* Begin PBXNativeTarget section */
		7729D7AC2A0D90BB00EDF805 /* TodoList-MVP-R */ = {
			isa = PBXNativeTarget;
			buildConfigurationList = 7729D7C12A0D90BD00EDF805 /* Build configuration list for PBXNativeTarget "TodoList-MVP-R" */;
			buildPhases = (
				7729D7A92A0D90BB00EDF805 /* Sources */,
				7729D7AA2A0D90BB00EDF805 /* Frameworks */,
				7729D7AB2A0D90BB00EDF805 /* Resources */,
			);
			buildRules = (
			);
			dependencies = (
			);
			name = "TodoList-MVP-R";
			productName = "TodoList-MVP-R";
			productReference = 7729D7AD2A0D90BB00EDF805 /* TodoList-MVP-R.app */;
			productType = "com.apple.product-type.application";
		};
/* End PBXNativeTarget section */

/* Begin PBXProject section */
		7729D7A52A0D90BB00EDF805 /* Project object */ = {
			isa = PBXProject;
			attributes = {
				BuildIndependentTargetsInParallel = 1;
				LastSwiftUpdateCheck = 1430;
				LastUpgradeCheck = 1430;
				TargetAttributes = {
					7729D7AC2A0D90BB00EDF805 = {
						CreatedOnToolsVersion = 14.3;
					};
				};
			};
			buildConfigurationList = 7729D7A82A0D90BB00EDF805 /* Build configuration list for PBXProject "TodoList-MVP-R" */;
			compatibilityVersion = "Xcode 14.0";
			developmentRegion = en;
			hasScannedForEncodings = 0;
			knownRegions = (
				en,
				Base,
			);
			mainGroup = 7729D7A42A0D90BB00EDF805;
			productRefGroup = 7729D7AE2A0D90BB00EDF805 /* Products */;
			projectDirPath = "";
			projectRoot = "";
			targets = (
				7729D7AC2A0D90BB00EDF805 /* TodoList-MVP-R */,
			);
		};
/* End PBXProject section */

/* Begin PBXResourcesBuildPhase section */
		7729D7AB2A0D90BB00EDF805 /* Resources */ = {
			isa = PBXResourcesBuildPhase;
			buildActionMask = 2147483647;
			files = (
				7729D7BD2A0D90BD00EDF805 /* LaunchScreen.storyboard in Resources */,
				7729D7BA2A0D90BD00EDF805 /* Assets.xcassets in Resources */,
			);
			runOnlyForDeploymentPostprocessing = 0;
		};
/* End PBXResourcesBuildPhase section */

/* Begin PBXSourcesBuildPhase section */
		7729D7A92A0D90BB00EDF805 /* Sources */ = {
			isa = PBXSourcesBuildPhase;
			buildActionMask = 2147483647;
			files = (
				7729D7CD2A0DBE5F00EDF805 /* TodoListViewRouter.swift in Sources */,
				7729D7CF2A0DC1E800EDF805 /* Date+TodoList.swift in Sources */,
				7729D7CB2A0D90F600EDF805 /* TodoList.swift in Sources */,
				7729D7C92A0D90EB00EDF805 /* TodoListPresenter.swift in Sources */,
				7729D7B52A0D90BB00EDF805 /* TodoListViewController.swift in Sources */,
				7709FCE92A0F1CCE00AAD010 /* CustomTableViewCell.swift in Sources */,
				7729D7B12A0D90BB00EDF805 /* AppDelegate.swift in Sources */,
				77982BE52A1278DE0094D3E4 /* LoginView+Configurations.swift in Sources */,
				7709FCE72A0EDCF400AAD010 /* UIView+PinnedSubView.swift in Sources */,
				7709FCED2A0F202E00AAD010 /* TodoListDoneButton.swift in Sources */,
				7729D7B32A0D90BB00EDF805 /* SceneDelegate.swift in Sources */,
				7709FCE22A0ED7C200AAD010 /* LoginViewController.swift in Sources */,
			);
			runOnlyForDeploymentPostprocessing = 0;
		};
/* End PBXSourcesBuildPhase section */

/* Begin PBXVariantGroup section */
		7729D7BB2A0D90BD00EDF805 /* LaunchScreen.storyboard */ = {
			isa = PBXVariantGroup;
			children = (
				7729D7BC2A0D90BD00EDF805 /* Base */,
			);
			name = LaunchScreen.storyboard;
			sourceTree = "<group>";
		};
/* End PBXVariantGroup section */

/* Begin XCBuildConfiguration section */
		7729D7BF2A0D90BD00EDF805 /* Debug */ = {
			isa = XCBuildConfiguration;
			buildSettings = {
				ALWAYS_SEARCH_USER_PATHS = NO;
				CLANG_ANALYZER_NONNULL = YES;
				CLANG_ANALYZER_NUMBER_OBJECT_CONVERSION = YES_AGGRESSIVE;
				CLANG_CXX_LANGUAGE_STANDARD = "gnu++20";
				CLANG_ENABLE_MODULES = YES;
				CLANG_ENABLE_OBJC_ARC = YES;
				CLANG_ENABLE_OBJC_WEAK = YES;
				CLANG_WARN_BLOCK_CAPTURE_AUTORELEASING = YES;
				CLANG_WARN_BOOL_CONVERSION = YES;
				CLANG_WARN_COMMA = YES;
				CLANG_WARN_CONSTANT_CONVERSION = YES;
				CLANG_WARN_DEPRECATED_OBJC_IMPLEMENTATIONS = YES;
				CLANG_WARN_DIRECT_OBJC_ISA_USAGE = YES_ERROR;
				CLANG_WARN_DOCUMENTATION_COMMENTS = YES;
				CLANG_WARN_EMPTY_BODY = YES;
				CLANG_WARN_ENUM_CONVERSION = YES;
				CLANG_WARN_INFINITE_RECURSION = YES;
				CLANG_WARN_INT_CONVERSION = YES;
				CLANG_WARN_NON_LITERAL_NULL_CONVERSION = YES;
				CLANG_WARN_OBJC_IMPLICIT_RETAIN_SELF = YES;
				CLANG_WARN_OBJC_LITERAL_CONVERSION = YES;
				CLANG_WARN_OBJC_ROOT_CLASS = YES_ERROR;
				CLANG_WARN_QUOTED_INCLUDE_IN_FRAMEWORK_HEADER = YES;
				CLANG_WARN_RANGE_LOOP_ANALYSIS = YES;
				CLANG_WARN_STRICT_PROTOTYPES = YES;
				CLANG_WARN_SUSPICIOUS_MOVE = YES;
				CLANG_WARN_UNGUARDED_AVAILABILITY = YES_AGGRESSIVE;
				CLANG_WARN_UNREACHABLE_CODE = YES;
				CLANG_WARN__DUPLICATE_METHOD_MATCH = YES;
				COPY_PHASE_STRIP = NO;
				DEBUG_INFORMATION_FORMAT = dwarf;
				ENABLE_STRICT_OBJC_MSGSEND = YES;
				ENABLE_TESTABILITY = YES;
				GCC_C_LANGUAGE_STANDARD = gnu11;
				GCC_DYNAMIC_NO_PIC = NO;
				GCC_NO_COMMON_BLOCKS = YES;
				GCC_OPTIMIZATION_LEVEL = 0;
				GCC_PREPROCESSOR_DEFINITIONS = (
					"DEBUG=1",
					"$(inherited)",
				);
				GCC_WARN_64_TO_32_BIT_CONVERSION = YES;
				GCC_WARN_ABOUT_RETURN_TYPE = YES_ERROR;
				GCC_WARN_UNDECLARED_SELECTOR = YES;
				GCC_WARN_UNINITIALIZED_AUTOS = YES_AGGRESSIVE;
				GCC_WARN_UNUSED_FUNCTION = YES;
				GCC_WARN_UNUSED_VARIABLE = YES;
				IPHONEOS_DEPLOYMENT_TARGET = 16.4;
				MTL_ENABLE_DEBUG_INFO = INCLUDE_SOURCE;
				MTL_FAST_MATH = YES;
				ONLY_ACTIVE_ARCH = YES;
				SDKROOT = iphoneos;
				SWIFT_ACTIVE_COMPILATION_CONDITIONS = DEBUG;
				SWIFT_OPTIMIZATION_LEVEL = "-Onone";
			};
			name = Debug;
		};
		7729D7C02A0D90BD00EDF805 /* Release */ = {
			isa = XCBuildConfiguration;
			buildSettings = {
				ALWAYS_SEARCH_USER_PATHS = NO;
				CLANG_ANALYZER_NONNULL = YES;
				CLANG_ANALYZER_NUMBER_OBJECT_CONVERSION = YES_AGGRESSIVE;
				CLANG_CXX_LANGUAGE_STANDARD = "gnu++20";
				CLANG_ENABLE_MODULES = YES;
				CLANG_ENABLE_OBJC_ARC = YES;
				CLANG_ENABLE_OBJC_WEAK = YES;
				CLANG_WARN_BLOCK_CAPTURE_AUTORELEASING = YES;
				CLANG_WARN_BOOL_CONVERSION = YES;
				CLANG_WARN_COMMA = YES;
				CLANG_WARN_CONSTANT_CONVERSION = YES;
				CLANG_WARN_DEPRECATED_OBJC_IMPLEMENTATIONS = YES;
				CLANG_WARN_DIRECT_OBJC_ISA_USAGE = YES_ERROR;
				CLANG_WARN_DOCUMENTATION_COMMENTS = YES;
				CLANG_WARN_EMPTY_BODY = YES;
				CLANG_WARN_ENUM_CONVERSION = YES;
				CLANG_WARN_INFINITE_RECURSION = YES;
				CLANG_WARN_INT_CONVERSION = YES;
				CLANG_WARN_NON_LITERAL_NULL_CONVERSION = YES;
				CLANG_WARN_OBJC_IMPLICIT_RETAIN_SELF = YES;
				CLANG_WARN_OBJC_LITERAL_CONVERSION = YES;
				CLANG_WARN_OBJC_ROOT_CLASS = YES_ERROR;
				CLANG_WARN_QUOTED_INCLUDE_IN_FRAMEWORK_HEADER = YES;
				CLANG_WARN_RANGE_LOOP_ANALYSIS = YES;
				CLANG_WARN_STRICT_PROTOTYPES = YES;
				CLANG_WARN_SUSPICIOUS_MOVE = YES;
				CLANG_WARN_UNGUARDED_AVAILABILITY = YES_AGGRESSIVE;
				CLANG_WARN_UNREACHABLE_CODE = YES;
				CLANG_WARN__DUPLICATE_METHOD_MATCH = YES;
				COPY_PHASE_STRIP = NO;
				DEBUG_INFORMATION_FORMAT = "dwarf-with-dsym";
				ENABLE_NS_ASSERTIONS = NO;
				ENABLE_STRICT_OBJC_MSGSEND = YES;
				GCC_C_LANGUAGE_STANDARD = gnu11;
				GCC_NO_COMMON_BLOCKS = YES;
				GCC_WARN_64_TO_32_BIT_CONVERSION = YES;
				GCC_WARN_ABOUT_RETURN_TYPE = YES_ERROR;
				GCC_WARN_UNDECLARED_SELECTOR = YES;
				GCC_WARN_UNINITIALIZED_AUTOS = YES_AGGRESSIVE;
				GCC_WARN_UNUSED_FUNCTION = YES;
				GCC_WARN_UNUSED_VARIABLE = YES;
				IPHONEOS_DEPLOYMENT_TARGET = 16.4;
				MTL_ENABLE_DEBUG_INFO = NO;
				MTL_FAST_MATH = YES;
				SDKROOT = iphoneos;
				SWIFT_COMPILATION_MODE = wholemodule;
				SWIFT_OPTIMIZATION_LEVEL = "-O";
				VALIDATE_PRODUCT = YES;
			};
			name = Release;
		};
		7729D7C22A0D90BD00EDF805 /* Debug */ = {
			isa = XCBuildConfiguration;
			buildSettings = {
				ASSETCATALOG_COMPILER_APPICON_NAME = AppIcon;
				ASSETCATALOG_COMPILER_GLOBAL_ACCENT_COLOR_NAME = AccentColor;
				CODE_SIGN_STYLE = Automatic;
				CURRENT_PROJECT_VERSION = 1;
				DEVELOPMENT_TEAM = GHL5J7Q6RV;
				GENERATE_INFOPLIST_FILE = YES;
				INFOPLIST_FILE = "TodoList-MVP-R/Info.plist";
				INFOPLIST_KEY_UIApplicationSupportsIndirectInputEvents = YES;
				INFOPLIST_KEY_UILaunchStoryboardName = LaunchScreen;
				INFOPLIST_KEY_UISupportedInterfaceOrientations_iPad = "UIInterfaceOrientationPortrait UIInterfaceOrientationPortraitUpsideDown UIInterfaceOrientationLandscapeLeft UIInterfaceOrientationLandscapeRight";
				INFOPLIST_KEY_UISupportedInterfaceOrientations_iPhone = "UIInterfaceOrientationPortrait UIInterfaceOrientationLandscapeLeft UIInterfaceOrientationLandscapeRight";
				LD_RUNPATH_SEARCH_PATHS = (
					"$(inherited)",
					"@executable_path/Frameworks",
				);
				MARKETING_VERSION = 1.0;
				PRODUCT_BUNDLE_IDENTIFIER = "com.jasonta-apps.TodoList-MVP-R";
				PRODUCT_NAME = "$(TARGET_NAME)";
				SWIFT_EMIT_LOC_STRINGS = YES;
				SWIFT_VERSION = 5.0;
				TARGETED_DEVICE_FAMILY = "1,2";
			};
			name = Debug;
		};
		7729D7C32A0D90BD00EDF805 /* Release */ = {
			isa = XCBuildConfiguration;
			buildSettings = {
				ASSETCATALOG_COMPILER_APPICON_NAME = AppIcon;
				ASSETCATALOG_COMPILER_GLOBAL_ACCENT_COLOR_NAME = AccentColor;
				CODE_SIGN_STYLE = Automatic;
				CURRENT_PROJECT_VERSION = 1;
				DEVELOPMENT_TEAM = GHL5J7Q6RV;
				GENERATE_INFOPLIST_FILE = YES;
				INFOPLIST_FILE = "TodoList-MVP-R/Info.plist";
				INFOPLIST_KEY_UIApplicationSupportsIndirectInputEvents = YES;
				INFOPLIST_KEY_UILaunchStoryboardName = LaunchScreen;
				INFOPLIST_KEY_UISupportedInterfaceOrientations_iPad = "UIInterfaceOrientationPortrait UIInterfaceOrientationPortraitUpsideDown UIInterfaceOrientationLandscapeLeft UIInterfaceOrientationLandscapeRight";
				INFOPLIST_KEY_UISupportedInterfaceOrientations_iPhone = "UIInterfaceOrientationPortrait UIInterfaceOrientationLandscapeLeft UIInterfaceOrientationLandscapeRight";
				LD_RUNPATH_SEARCH_PATHS = (
					"$(inherited)",
					"@executable_path/Frameworks",
				);
				MARKETING_VERSION = 1.0;
				PRODUCT_BUNDLE_IDENTIFIER = "com.jasonta-apps.TodoList-MVP-R";
				PRODUCT_NAME = "$(TARGET_NAME)";
				SWIFT_EMIT_LOC_STRINGS = YES;
				SWIFT_VERSION = 5.0;
				TARGETED_DEVICE_FAMILY = "1,2";
			};
			name = Release;
		};
/* End XCBuildConfiguration section */

/* Begin XCConfigurationList section */
		7729D7A82A0D90BB00EDF805 /* Build configuration list for PBXProject "TodoList-MVP-R" */ = {
			isa = XCConfigurationList;
			buildConfigurations = (
				7729D7BF2A0D90BD00EDF805 /* Debug */,
				7729D7C02A0D90BD00EDF805 /* Release */,
			);
			defaultConfigurationIsVisible = 0;
			defaultConfigurationName = Release;
		};
		7729D7C12A0D90BD00EDF805 /* Build configuration list for PBXNativeTarget "TodoList-MVP-R" */ = {
			isa = XCConfigurationList;
			buildConfigurations = (
				7729D7C22A0D90BD00EDF805 /* Debug */,
				7729D7C32A0D90BD00EDF805 /* Release */,
			);
			defaultConfigurationIsVisible = 0;
			defaultConfigurationName = Release;
		};
/* End XCConfigurationList section */
	};
	rootObject = 7729D7A52A0D90BB00EDF805 /* Project object */;
}
