// !$*UTF8*$!
{
	archiveVersion = 1;
	classes = {
	};
	objectVersion = 56;
	objects = {

/* Begin PBXBuildFile section */
		770460EE2A1597DD0027187E /* TodoListViewCell.swift in Sources */ = {isa = PBXBuildFile; fileRef = 770460ED2A1597DD0027187E /* TodoListViewCell.swift */; };
		770460F52A170A450027187E /* Category.swift in Sources */ = {isa = PBXBuildFile; fileRef = 770460F42A170A450027187E /* Category.swift */; };
		770460F82A170A990027187E /* DataSource.swift in Sources */ = {isa = PBXBuildFile; fileRef = 770460F72A170A990027187E /* DataSource.swift */; };
		77982C3D2A12E0FB0094D3E4 /* AppDelegate.swift in Sources */ = {isa = PBXBuildFile; fileRef = 77982C3C2A12E0FB0094D3E4 /* AppDelegate.swift */; };
		77982C3F2A12E0FB0094D3E4 /* SceneDelegate.swift in Sources */ = {isa = PBXBuildFile; fileRef = 77982C3E2A12E0FB0094D3E4 /* SceneDelegate.swift */; };
		77982C412A12E0FB0094D3E4 /* LoginViewController.swift in Sources */ = {isa = PBXBuildFile; fileRef = 77982C402A12E0FB0094D3E4 /* LoginViewController.swift */; };
		77982C462A12E0FC0094D3E4 /* Assets.xcassets in Resources */ = {isa = PBXBuildFile; fileRef = 77982C452A12E0FC0094D3E4 /* Assets.xcassets */; };
		77982C492A12E0FC0094D3E4 /* LaunchScreen.storyboard in Resources */ = {isa = PBXBuildFile; fileRef = 77982C472A12E0FC0094D3E4 /* LaunchScreen.storyboard */; };
		77982C522A12F6020094D3E4 /* Extensions.swift in Sources */ = {isa = PBXBuildFile; fileRef = 77982C512A12F6020094D3E4 /* Extensions.swift */; };
		77982C582A13D2780094D3E4 /* Router.swift in Sources */ = {isa = PBXBuildFile; fileRef = 77982C572A13D2780094D3E4 /* Router.swift */; };
		77982C5A2A13D2830094D3E4 /* Presenter.swift in Sources */ = {isa = PBXBuildFile; fileRef = 77982C592A13D2830094D3E4 /* Presenter.swift */; };
		77982C5C2A13D2910094D3E4 /* TodoListViewController.swift in Sources */ = {isa = PBXBuildFile; fileRef = 77982C5B2A13D2910094D3E4 /* TodoListViewController.swift */; };
		77982C622A13E31C0094D3E4 /* TodoList.swift in Sources */ = {isa = PBXBuildFile; fileRef = 77982C612A13E31C0094D3E4 /* TodoList.swift */; };
		77982C642A13F19C0094D3E4 /* Date+TodoList.swift in Sources */ = {isa = PBXBuildFile; fileRef = 77982C632A13F19C0094D3E4 /* Date+TodoList.swift */; };
		77F8CB8A2A14845C00B90944 /* Section+Row.swift in Sources */ = {isa = PBXBuildFile; fileRef = 77F8CB892A14845C00B90944 /* Section+Row.swift */; };
		77F8CB8F2A1529BF00B90944 /* DetailTodoListViewController.swift in Sources */ = {isa = PBXBuildFile; fileRef = 77F8CB8E2A1529BF00B90944 /* DetailTodoListViewController.swift */; };
/* End PBXBuildFile section */

/* Begin PBXFileReference section */
		770460ED2A1597DD0027187E /* TodoListViewCell.swift */ = {isa = PBXFileReference; lastKnownFileType = sourcecode.swift; path = TodoListViewCell.swift; sourceTree = "<group>"; };
		770460F42A170A450027187E /* Category.swift */ = {isa = PBXFileReference; lastKnownFileType = sourcecode.swift; path = Category.swift; sourceTree = "<group>"; };
		770460F72A170A990027187E /* DataSource.swift */ = {isa = PBXFileReference; lastKnownFileType = sourcecode.swift; path = DataSource.swift; sourceTree = "<group>"; };
		77982C392A12E0FB0094D3E4 /* TodoList_MVPR.app */ = {isa = PBXFileReference; explicitFileType = wrapper.application; includeInIndex = 0; path = TodoList_MVPR.app; sourceTree = BUILT_PRODUCTS_DIR; };
		77982C3C2A12E0FB0094D3E4 /* AppDelegate.swift */ = {isa = PBXFileReference; lastKnownFileType = sourcecode.swift; path = AppDelegate.swift; sourceTree = "<group>"; };
		77982C3E2A12E0FB0094D3E4 /* SceneDelegate.swift */ = {isa = PBXFileReference; lastKnownFileType = sourcecode.swift; path = SceneDelegate.swift; sourceTree = "<group>"; };
		77982C402A12E0FB0094D3E4 /* LoginViewController.swift */ = {isa = PBXFileReference; lastKnownFileType = sourcecode.swift; path = LoginViewController.swift; sourceTree = "<group>"; };
		77982C452A12E0FC0094D3E4 /* Assets.xcassets */ = {isa = PBXFileReference; lastKnownFileType = folder.assetcatalog; path = Assets.xcassets; sourceTree = "<group>"; };
		77982C482A12E0FC0094D3E4 /* Base */ = {isa = PBXFileReference; lastKnownFileType = file.storyboard; name = Base; path = Base.lproj/LaunchScreen.storyboard; sourceTree = "<group>"; };
		77982C4A2A12E0FC0094D3E4 /* Info.plist */ = {isa = PBXFileReference; lastKnownFileType = text.plist.xml; path = Info.plist; sourceTree = "<group>"; };
		77982C512A12F6020094D3E4 /* Extensions.swift */ = {isa = PBXFileReference; lastKnownFileType = sourcecode.swift; path = Extensions.swift; sourceTree = "<group>"; };
		77982C572A13D2780094D3E4 /* Router.swift */ = {isa = PBXFileReference; lastKnownFileType = sourcecode.swift; path = Router.swift; sourceTree = "<group>"; };
		77982C592A13D2830094D3E4 /* Presenter.swift */ = {isa = PBXFileReference; lastKnownFileType = sourcecode.swift; path = Presenter.swift; sourceTree = "<group>"; };
		77982C5B2A13D2910094D3E4 /* TodoListViewController.swift */ = {isa = PBXFileReference; lastKnownFileType = sourcecode.swift; path = TodoListViewController.swift; sourceTree = "<group>"; };
		77982C612A13E31C0094D3E4 /* TodoList.swift */ = {isa = PBXFileReference; lastKnownFileType = sourcecode.swift; path = TodoList.swift; sourceTree = "<group>"; };
		77982C632A13F19C0094D3E4 /* Date+TodoList.swift */ = {isa = PBXFileReference; lastKnownFileType = sourcecode.swift; path = "Date+TodoList.swift"; sourceTree = "<group>"; };
		77F8CB892A14845C00B90944 /* Section+Row.swift */ = {isa = PBXFileReference; lastKnownFileType = sourcecode.swift; path = "Section+Row.swift"; sourceTree = "<group>"; };
		77F8CB8E2A1529BF00B90944 /* DetailTodoListViewController.swift */ = {isa = PBXFileReference; lastKnownFileType = sourcecode.swift; path = DetailTodoListViewController.swift; sourceTree = "<group>"; };
/* End PBXFileReference section */

/* Begin PBXFrameworksBuildPhase section */
		77982C362A12E0FB0094D3E4 /* Frameworks */ = {
			isa = PBXFrameworksBuildPhase;
			buildActionMask = 2147483647;
			files = (
			);
			runOnlyForDeploymentPostprocessing = 0;
		};
/* End PBXFrameworksBuildPhase section */

/* Begin PBXGroup section */
		770460F32A16EB0D0027187E /* Extensions */ = {
			isa = PBXGroup;
			children = (
				77982C512A12F6020094D3E4 /* Extensions.swift */,
			);
			path = Extensions;
			sourceTree = "<group>";
		};
		770460F62A170A8F0027187E /* DataSource */ = {
			isa = PBXGroup;
			children = (
				770460F72A170A990027187E /* DataSource.swift */,
			);
			path = DataSource;
			sourceTree = "<group>";
		};
		77982C302A12E0FA0094D3E4 = {
			isa = PBXGroup;
			children = (
				77982C3B2A12E0FB0094D3E4 /* TodoList_MVPR */,
				77982C3A2A12E0FB0094D3E4 /* Products */,
			);
			sourceTree = "<group>";
		};
		77982C3A2A12E0FB0094D3E4 /* Products */ = {
			isa = PBXGroup;
			children = (
				77982C392A12E0FB0094D3E4 /* TodoList_MVPR.app */,
			);
			name = Products;
			sourceTree = "<group>";
		};
		77982C3B2A12E0FB0094D3E4 /* TodoList_MVPR */ = {
			isa = PBXGroup;
			children = (
				77982C3C2A12E0FB0094D3E4 /* AppDelegate.swift */,
				77982C3E2A12E0FB0094D3E4 /* SceneDelegate.swift */,
				77982C602A13E3120094D3E4 /* Models */,
				77982C5E2A13D2BB0094D3E4 /* Router */,
				77982C5F2A13D2C00094D3E4 /* Presenter */,
				770460F62A170A8F0027187E /* DataSource */,
				77982C502A12F5C10094D3E4 /* LoginView */,
				77982C5D2A13D2990094D3E4 /* TodoListView */,
				77F8CB8D2A15299800B90944 /* DetailTodoListView */,
				770460F32A16EB0D0027187E /* Extensions */,
				77982C452A12E0FC0094D3E4 /* Assets.xcassets */,
				77982C472A12E0FC0094D3E4 /* LaunchScreen.storyboard */,
				77982C4A2A12E0FC0094D3E4 /* Info.plist */,
			);
			path = TodoList_MVPR;
			sourceTree = "<group>";
		};
		77982C502A12F5C10094D3E4 /* LoginView */ = {
			isa = PBXGroup;
			children = (
				77982C402A12E0FB0094D3E4 /* LoginViewController.swift */,
			);
			path = LoginView;
			sourceTree = "<group>";
		};
		77982C5D2A13D2990094D3E4 /* TodoListView */ = {
			isa = PBXGroup;
			children = (
				77982C5B2A13D2910094D3E4 /* TodoListViewController.swift */,
				770460ED2A1597DD0027187E /* TodoListViewCell.swift */,
			);
			path = TodoListView;
			sourceTree = "<group>";
		};
		77982C5E2A13D2BB0094D3E4 /* Router */ = {
			isa = PBXGroup;
			children = (
				77982C572A13D2780094D3E4 /* Router.swift */,
			);
			path = Router;
			sourceTree = "<group>";
		};
		77982C5F2A13D2C00094D3E4 /* Presenter */ = {
			isa = PBXGroup;
			children = (
				77982C592A13D2830094D3E4 /* Presenter.swift */,
			);
			path = Presenter;
			sourceTree = "<group>";
		};
		77982C602A13E3120094D3E4 /* Models */ = {
			isa = PBXGroup;
			children = (
				770460F42A170A450027187E /* Category.swift */,
				77982C612A13E31C0094D3E4 /* TodoList.swift */,
				77982C632A13F19C0094D3E4 /* Date+TodoList.swift */,
				77F8CB892A14845C00B90944 /* Section+Row.swift */,
			);
			path = Models;
			sourceTree = "<group>";
		};
		77F8CB8D2A15299800B90944 /* DetailTodoListView */ = {
			isa = PBXGroup;
			children = (
				77F8CB8E2A1529BF00B90944 /* DetailTodoListViewController.swift */,
			);
			path = DetailTodoListView;
			sourceTree = "<group>";
		};
/* End PBXGroup section */

/* Begin PBXNativeTarget section */
		77982C382A12E0FB0094D3E4 /* TodoList_MVPR */ = {
			isa = PBXNativeTarget;
			buildConfigurationList = 77982C4D2A12E0FC0094D3E4 /* Build configuration list for PBXNativeTarget "TodoList_MVPR" */;
			buildPhases = (
				77982C352A12E0FB0094D3E4 /* Sources */,
				77982C362A12E0FB0094D3E4 /* Frameworks */,
				77982C372A12E0FB0094D3E4 /* Resources */,
			);
			buildRules = (
			);
			dependencies = (
			);
			name = TodoList_MVPR;
			productName = TodoList_MVPR;
			productReference = 77982C392A12E0FB0094D3E4 /* TodoList_MVPR.app */;
			productType = "com.apple.product-type.application";
		};
/* End PBXNativeTarget section */

/* Begin PBXProject section */
		77982C312A12E0FA0094D3E4 /* Project object */ = {
			isa = PBXProject;
			attributes = {
				BuildIndependentTargetsInParallel = 1;
				LastSwiftUpdateCheck = 1430;
				LastUpgradeCheck = 1430;
				TargetAttributes = {
					77982C382A12E0FB0094D3E4 = {
						CreatedOnToolsVersion = 14.3;
					};
				};
			};
			buildConfigurationList = 77982C342A12E0FA0094D3E4 /* Build configuration list for PBXProject "TodoList_MVPR" */;
			compatibilityVersion = "Xcode 14.0";
			developmentRegion = en;
			hasScannedForEncodings = 0;
			knownRegions = (
				en,
				Base,
			);
			mainGroup = 77982C302A12E0FA0094D3E4;
			productRefGroup = 77982C3A2A12E0FB0094D3E4 /* Products */;
			projectDirPath = "";
			projectRoot = "";
			targets = (
				77982C382A12E0FB0094D3E4 /* TodoList_MVPR */,
			);
		};
/* End PBXProject section */

/* Begin PBXResourcesBuildPhase section */
		77982C372A12E0FB0094D3E4 /* Resources */ = {
			isa = PBXResourcesBuildPhase;
			buildActionMask = 2147483647;
			files = (
				77982C492A12E0FC0094D3E4 /* LaunchScreen.storyboard in Resources */,
				77982C462A12E0FC0094D3E4 /* Assets.xcassets in Resources */,
			);
			runOnlyForDeploymentPostprocessing = 0;
		};
/* End PBXResourcesBuildPhase section */

/* Begin PBXSourcesBuildPhase section */
		77982C352A12E0FB0094D3E4 /* Sources */ = {
			isa = PBXSourcesBuildPhase;
			buildActionMask = 2147483647;
			files = (
				770460F82A170A990027187E /* DataSource.swift in Sources */,
				77982C5A2A13D2830094D3E4 /* Presenter.swift in Sources */,
				77982C5C2A13D2910094D3E4 /* TodoListViewController.swift in Sources */,
				77982C522A12F6020094D3E4 /* Extensions.swift in Sources */,
				77982C622A13E31C0094D3E4 /* TodoList.swift in Sources */,
				77982C642A13F19C0094D3E4 /* Date+TodoList.swift in Sources */,
				77982C412A12E0FB0094D3E4 /* LoginViewController.swift in Sources */,
				770460EE2A1597DD0027187E /* TodoListViewCell.swift in Sources */,
				77F8CB8F2A1529BF00B90944 /* DetailTodoListViewController.swift in Sources */,
				77982C582A13D2780094D3E4 /* Router.swift in Sources */,
				770460F52A170A450027187E /* Category.swift in Sources */,
				77982C3D2A12E0FB0094D3E4 /* AppDelegate.swift in Sources */,
				77982C3F2A12E0FB0094D3E4 /* SceneDelegate.swift in Sources */,
				77F8CB8A2A14845C00B90944 /* Section+Row.swift in Sources */,
			);
			runOnlyForDeploymentPostprocessing = 0;
		};
/* End PBXSourcesBuildPhase section */

/* Begin PBXVariantGroup section */
		77982C472A12E0FC0094D3E4 /* LaunchScreen.storyboard */ = {
			isa = PBXVariantGroup;
			children = (
				77982C482A12E0FC0094D3E4 /* Base */,
			);
			name = LaunchScreen.storyboard;
			sourceTree = "<group>";
		};
/* End PBXVariantGroup section */

/* Begin XCBuildConfiguration section */
		77982C4B2A12E0FC0094D3E4 /* Debug */ = {
			isa = XCBuildConfiguration;
			buildSettings = {
				ALWAYS_SEARCH_USER_PATHS = NO;
				CLANG_ANALYZER_NONNULL = YES;
				CLANG_ANALYZER_NUMBER_OBJECT_CONVERSION = YES_AGGRESSIVE;
				CLANG_CXX_LANGUAGE_STANDARD = "gnu++20";
				CLANG_ENABLE_MODULES = YES;
				CLANG_ENABLE_OBJC_ARC = YES;
				CLANG_ENABLE_OBJC_WEAK = YES;
				CLANG_WARN_BLOCK_CAPTURE_AUTORELEASING = YES;
				CLANG_WARN_BOOL_CONVERSION = YES;
				CLANG_WARN_COMMA = YES;
				CLANG_WARN_CONSTANT_CONVERSION = YES;
				CLANG_WARN_DEPRECATED_OBJC_IMPLEMENTATIONS = YES;
				CLANG_WARN_DIRECT_OBJC_ISA_USAGE = YES_ERROR;
				CLANG_WARN_DOCUMENTATION_COMMENTS = YES;
				CLANG_WARN_EMPTY_BODY = YES;
				CLANG_WARN_ENUM_CONVERSION = YES;
				CLANG_WARN_INFINITE_RECURSION = YES;
				CLANG_WARN_INT_CONVERSION = YES;
				CLANG_WARN_NON_LITERAL_NULL_CONVERSION = YES;
				CLANG_WARN_OBJC_IMPLICIT_RETAIN_SELF = YES;
				CLANG_WARN_OBJC_LITERAL_CONVERSION = YES;
				CLANG_WARN_OBJC_ROOT_CLASS = YES_ERROR;
				CLANG_WARN_QUOTED_INCLUDE_IN_FRAMEWORK_HEADER = YES;
				CLANG_WARN_RANGE_LOOP_ANALYSIS = YES;
				CLANG_WARN_STRICT_PROTOTYPES = YES;
				CLANG_WARN_SUSPICIOUS_MOVE = YES;
				CLANG_WARN_UNGUARDED_AVAILABILITY = YES_AGGRESSIVE;
				CLANG_WARN_UNREACHABLE_CODE = YES;
				CLANG_WARN__DUPLICATE_METHOD_MATCH = YES;
				COPY_PHASE_STRIP = NO;
				DEBUG_INFORMATION_FORMAT = dwarf;
				ENABLE_STRICT_OBJC_MSGSEND = YES;
				ENABLE_TESTABILITY = YES;
				GCC_C_LANGUAGE_STANDARD = gnu11;
				GCC_DYNAMIC_NO_PIC = NO;
				GCC_NO_COMMON_BLOCKS = YES;
				GCC_OPTIMIZATION_LEVEL = 0;
				GCC_PREPROCESSOR_DEFINITIONS = (
					"DEBUG=1",
					"$(inherited)",
				);
				GCC_WARN_64_TO_32_BIT_CONVERSION = YES;
				GCC_WARN_ABOUT_RETURN_TYPE = YES_ERROR;
				GCC_WARN_UNDECLARED_SELECTOR = YES;
				GCC_WARN_UNINITIALIZED_AUTOS = YES_AGGRESSIVE;
				GCC_WARN_UNUSED_FUNCTION = YES;
				GCC_WARN_UNUSED_VARIABLE = YES;
				IPHONEOS_DEPLOYMENT_TARGET = 16.4;
				MTL_ENABLE_DEBUG_INFO = INCLUDE_SOURCE;
				MTL_FAST_MATH = YES;
				ONLY_ACTIVE_ARCH = YES;
				SDKROOT = iphoneos;
				SWIFT_ACTIVE_COMPILATION_CONDITIONS = DEBUG;
				SWIFT_OPTIMIZATION_LEVEL = "-Onone";
			};
			name = Debug;
		};
		77982C4C2A12E0FC0094D3E4 /* Release */ = {
			isa = XCBuildConfiguration;
			buildSettings = {
				ALWAYS_SEARCH_USER_PATHS = NO;
				CLANG_ANALYZER_NONNULL = YES;
				CLANG_ANALYZER_NUMBER_OBJECT_CONVERSION = YES_AGGRESSIVE;
				CLANG_CXX_LANGUAGE_STANDARD = "gnu++20";
				CLANG_ENABLE_MODULES = YES;
				CLANG_ENABLE_OBJC_ARC = YES;
				CLANG_ENABLE_OBJC_WEAK = YES;
				CLANG_WARN_BLOCK_CAPTURE_AUTORELEASING = YES;
				CLANG_WARN_BOOL_CONVERSION = YES;
				CLANG_WARN_COMMA = YES;
				CLANG_WARN_CONSTANT_CONVERSION = YES;
				CLANG_WARN_DEPRECATED_OBJC_IMPLEMENTATIONS = YES;
				CLANG_WARN_DIRECT_OBJC_ISA_USAGE = YES_ERROR;
				CLANG_WARN_DOCUMENTATION_COMMENTS = YES;
				CLANG_WARN_EMPTY_BODY = YES;
				CLANG_WARN_ENUM_CONVERSION = YES;
				CLANG_WARN_INFINITE_RECURSION = YES;
				CLANG_WARN_INT_CONVERSION = YES;
				CLANG_WARN_NON_LITERAL_NULL_CONVERSION = YES;
				CLANG_WARN_OBJC_IMPLICIT_RETAIN_SELF = YES;
				CLANG_WARN_OBJC_LITERAL_CONVERSION = YES;
				CLANG_WARN_OBJC_ROOT_CLASS = YES_ERROR;
				CLANG_WARN_QUOTED_INCLUDE_IN_FRAMEWORK_HEADER = YES;
				CLANG_WARN_RANGE_LOOP_ANALYSIS = YES;
				CLANG_WARN_STRICT_PROTOTYPES = YES;
				CLANG_WARN_SUSPICIOUS_MOVE = YES;
				CLANG_WARN_UNGUARDED_AVAILABILITY = YES_AGGRESSIVE;
				CLANG_WARN_UNREACHABLE_CODE = YES;
				CLANG_WARN__DUPLICATE_METHOD_MATCH = YES;
				COPY_PHASE_STRIP = NO;
				DEBUG_INFORMATION_FORMAT = "dwarf-with-dsym";
				ENABLE_NS_ASSERTIONS = NO;
				ENABLE_STRICT_OBJC_MSGSEND = YES;
				GCC_C_LANGUAGE_STANDARD = gnu11;
				GCC_NO_COMMON_BLOCKS = YES;
				GCC_WARN_64_TO_32_BIT_CONVERSION = YES;
				GCC_WARN_ABOUT_RETURN_TYPE = YES_ERROR;
				GCC_WARN_UNDECLARED_SELECTOR = YES;
				GCC_WARN_UNINITIALIZED_AUTOS = YES_AGGRESSIVE;
				GCC_WARN_UNUSED_FUNCTION = YES;
				GCC_WARN_UNUSED_VARIABLE = YES;
				IPHONEOS_DEPLOYMENT_TARGET = 16.4;
				MTL_ENABLE_DEBUG_INFO = NO;
				MTL_FAST_MATH = YES;
				SDKROOT = iphoneos;
				SWIFT_COMPILATION_MODE = wholemodule;
				SWIFT_OPTIMIZATION_LEVEL = "-O";
				VALIDATE_PRODUCT = YES;
			};
			name = Release;
		};
		77982C4E2A12E0FC0094D3E4 /* Debug */ = {
			isa = XCBuildConfiguration;
			buildSettings = {
				ASSETCATALOG_COMPILER_APPICON_NAME = AppIcon;
				ASSETCATALOG_COMPILER_GLOBAL_ACCENT_COLOR_NAME = AccentColor;
				CODE_SIGN_STYLE = Automatic;
				CURRENT_PROJECT_VERSION = 1;
				DEVELOPMENT_TEAM = GHL5J7Q6RV;
				GENERATE_INFOPLIST_FILE = YES;
				INFOPLIST_FILE = TodoList_MVPR/Info.plist;
				INFOPLIST_KEY_UIApplicationSupportsIndirectInputEvents = YES;
				INFOPLIST_KEY_UILaunchStoryboardName = LaunchScreen;
				INFOPLIST_KEY_UISupportedInterfaceOrientations = UIInterfaceOrientationPortrait;
				LD_RUNPATH_SEARCH_PATHS = (
					"$(inherited)",
					"@executable_path/Frameworks",
				);
				MARKETING_VERSION = 1.0;
				PRODUCT_BUNDLE_IDENTIFIER = "com.jasonta-apps.TodoList-MVPR";
				PRODUCT_NAME = "$(TARGET_NAME)";
				SWIFT_EMIT_LOC_STRINGS = YES;
				SWIFT_VERSION = 5.0;
				TARGETED_DEVICE_FAMILY = "1,2";
			};
			name = Debug;
		};
		77982C4F2A12E0FC0094D3E4 /* Release */ = {
			isa = XCBuildConfiguration;
			buildSettings = {
				ASSETCATALOG_COMPILER_APPICON_NAME = AppIcon;
				ASSETCATALOG_COMPILER_GLOBAL_ACCENT_COLOR_NAME = AccentColor;
				CODE_SIGN_STYLE = Automatic;
				CURRENT_PROJECT_VERSION = 1;
				DEVELOPMENT_TEAM = GHL5J7Q6RV;
				GENERATE_INFOPLIST_FILE = YES;
				INFOPLIST_FILE = TodoList_MVPR/Info.plist;
				INFOPLIST_KEY_UIApplicationSupportsIndirectInputEvents = YES;
				INFOPLIST_KEY_UILaunchStoryboardName = LaunchScreen;
				INFOPLIST_KEY_UISupportedInterfaceOrientations = UIInterfaceOrientationPortrait;
				LD_RUNPATH_SEARCH_PATHS = (
					"$(inherited)",
					"@executable_path/Frameworks",
				);
				MARKETING_VERSION = 1.0;
				PRODUCT_BUNDLE_IDENTIFIER = "com.jasonta-apps.TodoList-MVPR";
				PRODUCT_NAME = "$(TARGET_NAME)";
				SWIFT_EMIT_LOC_STRINGS = YES;
				SWIFT_VERSION = 5.0;
				TARGETED_DEVICE_FAMILY = "1,2";
			};
			name = Release;
		};
/* End XCBuildConfiguration section */

/* Begin XCConfigurationList section */
		77982C342A12E0FA0094D3E4 /* Build configuration list for PBXProject "TodoList_MVPR" */ = {
			isa = XCConfigurationList;
			buildConfigurations = (
				77982C4B2A12E0FC0094D3E4 /* Debug */,
				77982C4C2A12E0FC0094D3E4 /* Release */,
			);
			defaultConfigurationIsVisible = 0;
			defaultConfigurationName = Release;
		};
		77982C4D2A12E0FC0094D3E4 /* Build configuration list for PBXNativeTarget "TodoList_MVPR" */ = {
			isa = XCConfigurationList;
			buildConfigurations = (
				77982C4E2A12E0FC0094D3E4 /* Debug */,
				77982C4F2A12E0FC0094D3E4 /* Release */,
			);
			defaultConfigurationIsVisible = 0;
			defaultConfigurationName = Release;
		};
/* End XCConfigurationList section */
	};
	rootObject = 77982C312A12E0FA0094D3E4 /* Project object */;
}
